// !$*UTF8*$!
{
	archiveVersion = 1;
	classes = {
	};
	objectVersion = 55;
	objects = {

/* Begin PBXBuildFile section */
		BF78247E2806D04200E8EEE6 /* AppDelegate.swift in Sources */ = {isa = PBXBuildFile; fileRef = BF78247D2806D04200E8EEE6 /* AppDelegate.swift */; };
		BF7824802806D04200E8EEE6 /* SceneDelegate.swift in Sources */ = {isa = PBXBuildFile; fileRef = BF78247F2806D04200E8EEE6 /* SceneDelegate.swift */; };
		BF7824872806D04300E8EEE6 /* Assets.xcassets in Resources */ = {isa = PBXBuildFile; fileRef = BF7824862806D04300E8EEE6 /* Assets.xcassets */; };
		BF78248A2806D04300E8EEE6 /* LaunchScreen.storyboard in Resources */ = {isa = PBXBuildFile; fileRef = BF7824882806D04300E8EEE6 /* LaunchScreen.storyboard */; };
		BF7824922807DA2E00E8EEE6 /* SignUpViewController.swift in Sources */ = {isa = PBXBuildFile; fileRef = BF7824912807DA2E00E8EEE6 /* SignUpViewController.swift */; };
		BF7824942807E6FC00E8EEE6 /* SignUpViewController2.swift in Sources */ = {isa = PBXBuildFile; fileRef = BF7824932807E6FC00E8EEE6 /* SignUpViewController2.swift */; };
		E22C223AEEADEB9808A480F3 /* Pods_SignUpSample.framework in Frameworks */ = {isa = PBXBuildFile; fileRef = 8C8698BEDF642CA0130FD4F8 /* Pods_SignUpSample.framework */; };
/* End PBXBuildFile section */

/* Begin PBXFileReference section */
		8C8698BEDF642CA0130FD4F8 /* Pods_SignUpSample.framework */ = {isa = PBXFileReference; explicitFileType = wrapper.framework; includeInIndex = 0; path = Pods_SignUpSample.framework; sourceTree = BUILT_PRODUCTS_DIR; };
		A35516EF82092ABDEAD9F2BB /* Pods-SignUpSample.release.xcconfig */ = {isa = PBXFileReference; includeInIndex = 1; lastKnownFileType = text.xcconfig; name = "Pods-SignUpSample.release.xcconfig"; path = "Target Support Files/Pods-SignUpSample/Pods-SignUpSample.release.xcconfig"; sourceTree = "<group>"; };
		BF78247A2806D04200E8EEE6 /* SignUpSample.app */ = {isa = PBXFileReference; explicitFileType = wrapper.application; includeInIndex = 0; path = SignUpSample.app; sourceTree = BUILT_PRODUCTS_DIR; };
		BF78247D2806D04200E8EEE6 /* AppDelegate.swift */ = {isa = PBXFileReference; lastKnownFileType = sourcecode.swift; path = AppDelegate.swift; sourceTree = "<group>"; };
		BF78247F2806D04200E8EEE6 /* SceneDelegate.swift */ = {isa = PBXFileReference; lastKnownFileType = sourcecode.swift; path = SceneDelegate.swift; sourceTree = "<group>"; };
		BF7824862806D04300E8EEE6 /* Assets.xcassets */ = {isa = PBXFileReference; lastKnownFileType = folder.assetcatalog; path = Assets.xcassets; sourceTree = "<group>"; };
		BF7824892806D04300E8EEE6 /* Base */ = {isa = PBXFileReference; lastKnownFileType = file.storyboard; name = Base; path = Base.lproj/LaunchScreen.storyboard; sourceTree = "<group>"; };
		BF78248B2806D04300E8EEE6 /* Info.plist */ = {isa = PBXFileReference; lastKnownFileType = text.plist.xml; path = Info.plist; sourceTree = "<group>"; };
		BF7824912807DA2E00E8EEE6 /* SignUpViewController.swift */ = {isa = PBXFileReference; lastKnownFileType = sourcecode.swift; path = SignUpViewController.swift; sourceTree = "<group>"; };
		BF7824932807E6FC00E8EEE6 /* SignUpViewController2.swift */ = {isa = PBXFileReference; lastKnownFileType = sourcecode.swift; path = SignUpViewController2.swift; sourceTree = "<group>"; };
		C0B5E257D03EC1473EF458B4 /* Pods-SignUpSample.debug.xcconfig */ = {isa = PBXFileReference; includeInIndex = 1; lastKnownFileType = text.xcconfig; name = "Pods-SignUpSample.debug.xcconfig"; path = "Target Support Files/Pods-SignUpSample/Pods-SignUpSample.debug.xcconfig"; sourceTree = "<group>"; };
/* End PBXFileReference section */

/* Begin PBXFrameworksBuildPhase section */
		BF7824772806D04200E8EEE6 /* Frameworks */ = {
			isa = PBXFrameworksBuildPhase;
			buildActionMask = 2147483647;
			files = (
				E22C223AEEADEB9808A480F3 /* Pods_SignUpSample.framework in Frameworks */,
			);
			runOnlyForDeploymentPostprocessing = 0;
		};
/* End PBXFrameworksBuildPhase section */

/* Begin PBXGroup section */
		4E6E544AE469FD7A17898B24 /* Pods */ = {
			isa = PBXGroup;
			children = (
				C0B5E257D03EC1473EF458B4 /* Pods-SignUpSample.debug.xcconfig */,
				A35516EF82092ABDEAD9F2BB /* Pods-SignUpSample.release.xcconfig */,
			);
			path = Pods;
			sourceTree = "<group>";
		};
		BF7824712806D04200E8EEE6 = {
			isa = PBXGroup;
			children = (
				BF78247C2806D04200E8EEE6 /* SignUpSample */,
				BF78247B2806D04200E8EEE6 /* Products */,
				4E6E544AE469FD7A17898B24 /* Pods */,
				BFBFC4882E388CB3BF9F9730 /* Frameworks */,
			);
			sourceTree = "<group>";
		};
		BF78247B2806D04200E8EEE6 /* Products */ = {
			isa = PBXGroup;
			children = (
				BF78247A2806D04200E8EEE6 /* SignUpSample.app */,
			);
			name = Products;
			sourceTree = "<group>";
		};
		BF78247C2806D04200E8EEE6 /* SignUpSample */ = {
			isa = PBXGroup;
			children = (
				BF78247D2806D04200E8EEE6 /* AppDelegate.swift */,
				BF78247F2806D04200E8EEE6 /* SceneDelegate.swift */,
				BF7824912807DA2E00E8EEE6 /* SignUpViewController.swift */,
				BF7824932807E6FC00E8EEE6 /* SignUpViewController2.swift */,
				BF7824862806D04300E8EEE6 /* Assets.xcassets */,
				BF7824882806D04300E8EEE6 /* LaunchScreen.storyboard */,
				BF78248B2806D04300E8EEE6 /* Info.plist */,
			);
			path = SignUpSample;
			sourceTree = "<group>";
		};
		BFBFC4882E388CB3BF9F9730 /* Frameworks */ = {
			isa = PBXGroup;
			children = (
				8C8698BEDF642CA0130FD4F8 /* Pods_SignUpSample.framework */,
			);
			name = Frameworks;
			sourceTree = "<group>";
		};
/* End PBXGroup section */

/* Begin PBXNativeTarget section */
		BF7824792806D04200E8EEE6 /* SignUpSample */ = {
			isa = PBXNativeTarget;
			buildConfigurationList = BF78248E2806D04300E8EEE6 /* Build configuration list for PBXNativeTarget "SignUpSample" */;
			buildPhases = (
				F72DB02DB35F2D8AB23C00B4 /* [CP] Check Pods Manifest.lock */,
				BF7824762806D04200E8EEE6 /* Sources */,
				BF7824772806D04200E8EEE6 /* Frameworks */,
				BF7824782806D04200E8EEE6 /* Resources */,
				3E8B91AD7314DD7A78AAA405 /* [CP] Embed Pods Frameworks */,
			);
			buildRules = (
			);
			dependencies = (
			);
			name = SignUpSample;
			productName = SignUpSample;
			productReference = BF78247A2806D04200E8EEE6 /* SignUpSample.app */;
			productType = "com.apple.product-type.application";
		};
/* End PBXNativeTarget section */

/* Begin PBXProject section */
		BF7824722806D04200E8EEE6 /* Project object */ = {
			isa = PBXProject;
			attributes = {
				BuildIndependentTargetsInParallel = 1;
				LastSwiftUpdateCheck = 1330;
				LastUpgradeCheck = 1330;
				TargetAttributes = {
					BF7824792806D04200E8EEE6 = {
						CreatedOnToolsVersion = 13.3;
					};
				};
			};
			buildConfigurationList = BF7824752806D04200E8EEE6 /* Build configuration list for PBXProject "SignUpSample" */;
			compatibilityVersion = "Xcode 13.0";
			developmentRegion = en;
			hasScannedForEncodings = 0;
			knownRegions = (
				en,
				Base,
			);
			mainGroup = BF7824712806D04200E8EEE6;
			productRefGroup = BF78247B2806D04200E8EEE6 /* Products */;
			projectDirPath = "";
			projectRoot = "";
			targets = (
				BF7824792806D04200E8EEE6 /* SignUpSample */,
			);
		};
/* End PBXProject section */

/* Begin PBXResourcesBuildPhase section */
		BF7824782806D04200E8EEE6 /* Resources */ = {
			isa = PBXResourcesBuildPhase;
			buildActionMask = 2147483647;
			files = (
				BF78248A2806D04300E8EEE6 /* LaunchScreen.storyboard in Resources */,
				BF7824872806D04300E8EEE6 /* Assets.xcassets in Resources */,
			);
			runOnlyForDeploymentPostprocessing = 0;
		};
/* End PBXResourcesBuildPhase section */

/* Begin PBXShellScriptBuildPhase section */
		3E8B91AD7314DD7A78AAA405 /* [CP] Embed Pods Frameworks */ = {
			isa = PBXShellScriptBuildPhase;
			buildActionMask = 2147483647;
			files = (
			);
			inputFileListPaths = (
				"${PODS_ROOT}/Target Support Files/Pods-SignUpSample/Pods-SignUpSample-frameworks-${CONFIGURATION}-input-files.xcfilelist",
			);
			name = "[CP] Embed Pods Frameworks";
			outputFileListPaths = (
				"${PODS_ROOT}/Target Support Files/Pods-SignUpSample/Pods-SignUpSample-frameworks-${CONFIGURATION}-output-files.xcfilelist",
			);
			runOnlyForDeploymentPostprocessing = 0;
			shellPath = /bin/sh;
			shellScript = "\"${PODS_ROOT}/Target Support Files/Pods-SignUpSample/Pods-SignUpSample-frameworks.sh\"\n";
			showEnvVarsInLog = 0;
		};
		F72DB02DB35F2D8AB23C00B4 /* [CP] Check Pods Manifest.lock */ = {
			isa = PBXShellScriptBuildPhase;
			buildActionMask = 2147483647;
			files = (
			);
			inputFileListPaths = (
			);
			inputPaths = (
				"${PODS_PODFILE_DIR_PATH}/Podfile.lock",
				"${PODS_ROOT}/Manifest.lock",
			);
			name = "[CP] Check Pods Manifest.lock";
			outputFileListPaths = (
			);
			outputPaths = (
				"$(DERIVED_FILE_DIR)/Pods-SignUpSample-checkManifestLockResult.txt",
			);
			runOnlyForDeploymentPostprocessing = 0;
			shellPath = /bin/sh;
			shellScript = "diff \"${PODS_PODFILE_DIR_PATH}/Podfile.lock\" \"${PODS_ROOT}/Manifest.lock\" > /dev/null\nif [ $? != 0 ] ; then\n    # print error to STDERR\n    echo \"error: The sandbox is not in sync with the Podfile.lock. Run 'pod install' or update your CocoaPods installation.\" >&2\n    exit 1\nfi\n# This output is used by Xcode 'outputs' to avoid re-running this script phase.\necho \"SUCCESS\" > \"${SCRIPT_OUTPUT_FILE_0}\"\n";
			showEnvVarsInLog = 0;
		};
/* End PBXShellScriptBuildPhase section */

/* Begin PBXSourcesBuildPhase section */
		BF7824762806D04200E8EEE6 /* Sources */ = {
			isa = PBXSourcesBuildPhase;
			buildActionMask = 2147483647;
			files = (
				BF7824942807E6FC00E8EEE6 /* SignUpViewController2.swift in Sources */,
				BF78247E2806D04200E8EEE6 /* AppDelegate.swift in Sources */,
				BF7824922807DA2E00E8EEE6 /* SignUpViewController.swift in Sources */,
				BF7824802806D04200E8EEE6 /* SceneDelegate.swift in Sources */,
			);
			runOnlyForDeploymentPostprocessing = 0;
		};
/* End PBXSourcesBuildPhase section */

/* Begin PBXVariantGroup section */
		BF7824882806D04300E8EEE6 /* LaunchScreen.storyboard */ = {
			isa = PBXVariantGroup;
			children = (
				BF7824892806D04300E8EEE6 /* Base */,
			);
			name = LaunchScreen.storyboard;
			sourceTree = "<group>";
		};
/* End PBXVariantGroup section */

/* Begin XCBuildConfiguration section */
		BF78248C2806D04300E8EEE6 /* Debug */ = {
			isa = XCBuildConfiguration;
			buildSettings = {
				ALWAYS_SEARCH_USER_PATHS = NO;
				CLANG_ANALYZER_NONNULL = YES;
				CLANG_ANALYZER_NUMBER_OBJECT_CONVERSION = YES_AGGRESSIVE;
				CLANG_CXX_LANGUAGE_STANDARD = "gnu++17";
				CLANG_ENABLE_MODULES = YES;
				CLANG_ENABLE_OBJC_ARC = YES;
				CLANG_ENABLE_OBJC_WEAK = YES;
				CLANG_WARN_BLOCK_CAPTURE_AUTORELEASING = YES;
				CLANG_WARN_BOOL_CONVERSION = YES;
				CLANG_WARN_COMMA = YES;
				CLANG_WARN_CONSTANT_CONVERSION = YES;
				CLANG_WARN_DEPRECATED_OBJC_IMPLEMENTATIONS = YES;
				CLANG_WARN_DIRECT_OBJC_ISA_USAGE = YES_ERROR;
				CLANG_WARN_DOCUMENTATION_COMMENTS = YES;
				CLANG_WARN_EMPTY_BODY = YES;
				CLANG_WARN_ENUM_CONVERSION = YES;
				CLANG_WARN_INFINITE_RECURSION = YES;
				CLANG_WARN_INT_CONVERSION = YES;
				CLANG_WARN_NON_LITERAL_NULL_CONVERSION = YES;
				CLANG_WARN_OBJC_IMPLICIT_RETAIN_SELF = YES;
				CLANG_WARN_OBJC_LITERAL_CONVERSION = YES;
				CLANG_WARN_OBJC_ROOT_CLASS = YES_ERROR;
				CLANG_WARN_QUOTED_INCLUDE_IN_FRAMEWORK_HEADER = YES;
				CLANG_WARN_RANGE_LOOP_ANALYSIS = YES;
				CLANG_WARN_STRICT_PROTOTYPES = YES;
				CLANG_WARN_SUSPICIOUS_MOVE = YES;
				CLANG_WARN_UNGUARDED_AVAILABILITY = YES_AGGRESSIVE;
				CLANG_WARN_UNREACHABLE_CODE = YES;
				CLANG_WARN__DUPLICATE_METHOD_MATCH = YES;
				COPY_PHASE_STRIP = NO;
				DEBUG_INFORMATION_FORMAT = dwarf;
				ENABLE_STRICT_OBJC_MSGSEND = YES;
				ENABLE_TESTABILITY = YES;
				GCC_C_LANGUAGE_STANDARD = gnu11;
				GCC_DYNAMIC_NO_PIC = NO;
				GCC_NO_COMMON_BLOCKS = YES;
				GCC_OPTIMIZATION_LEVEL = 0;
				GCC_PREPROCESSOR_DEFINITIONS = (
					"DEBUG=1",
					"$(inherited)",
				);
				GCC_WARN_64_TO_32_BIT_CONVERSION = YES;
				GCC_WARN_ABOUT_RETURN_TYPE = YES_ERROR;
				GCC_WARN_UNDECLARED_SELECTOR = YES;
				GCC_WARN_UNINITIALIZED_AUTOS = YES_AGGRESSIVE;
				GCC_WARN_UNUSED_FUNCTION = YES;
				GCC_WARN_UNUSED_VARIABLE = YES;
				IPHONEOS_DEPLOYMENT_TARGET = 15.4;
				MTL_ENABLE_DEBUG_INFO = INCLUDE_SOURCE;
				MTL_FAST_MATH = YES;
				ONLY_ACTIVE_ARCH = YES;
				SDKROOT = iphoneos;
				SWIFT_ACTIVE_COMPILATION_CONDITIONS = DEBUG;
				SWIFT_OPTIMIZATION_LEVEL = "-Onone";
			};
			name = Debug;
		};
		BF78248D2806D04300E8EEE6 /* Release */ = {
			isa = XCBuildConfiguration;
			buildSettings = {
				ALWAYS_SEARCH_USER_PATHS = NO;
				CLANG_ANALYZER_NONNULL = YES;
				CLANG_ANALYZER_NUMBER_OBJECT_CONVERSION = YES_AGGRESSIVE;
				CLANG_CXX_LANGUAGE_STANDARD = "gnu++17";
				CLANG_ENABLE_MODULES = YES;
				CLANG_ENABLE_OBJC_ARC = YES;
				CLANG_ENABLE_OBJC_WEAK = YES;
				CLANG_WARN_BLOCK_CAPTURE_AUTORELEASING = YES;
				CLANG_WARN_BOOL_CONVERSION = YES;
				CLANG_WARN_COMMA = YES;
				CLANG_WARN_CONSTANT_CONVERSION = YES;
				CLANG_WARN_DEPRECATED_OBJC_IMPLEMENTATIONS = YES;
				CLANG_WARN_DIRECT_OBJC_ISA_USAGE = YES_ERROR;
				CLANG_WARN_DOCUMENTATION_COMMENTS = YES;
				CLANG_WARN_EMPTY_BODY = YES;
				CLANG_WARN_ENUM_CONVERSION = YES;
				CLANG_WARN_INFINITE_RECURSION = YES;
				CLANG_WARN_INT_CONVERSION = YES;
				CLANG_WARN_NON_LITERAL_NULL_CONVERSION = YES;
				CLANG_WARN_OBJC_IMPLICIT_RETAIN_SELF = YES;
				CLANG_WARN_OBJC_LITERAL_CONVERSION = YES;
				CLANG_WARN_OBJC_ROOT_CLASS = YES_ERROR;
				CLANG_WARN_QUOTED_INCLUDE_IN_FRAMEWORK_HEADER = YES;
				CLANG_WARN_RANGE_LOOP_ANALYSIS = YES;
				CLANG_WARN_STRICT_PROTOTYPES = YES;
				CLANG_WARN_SUSPICIOUS_MOVE = YES;
				CLANG_WARN_UNGUARDED_AVAILABILITY = YES_AGGRESSIVE;
				CLANG_WARN_UNREACHABLE_CODE = YES;
				CLANG_WARN__DUPLICATE_METHOD_MATCH = YES;
				COPY_PHASE_STRIP = NO;
				DEBUG_INFORMATION_FORMAT = "dwarf-with-dsym";
				ENABLE_NS_ASSERTIONS = NO;
				ENABLE_STRICT_OBJC_MSGSEND = YES;
				GCC_C_LANGUAGE_STANDARD = gnu11;
				GCC_NO_COMMON_BLOCKS = YES;
				GCC_WARN_64_TO_32_BIT_CONVERSION = YES;
				GCC_WARN_ABOUT_RETURN_TYPE = YES_ERROR;
				GCC_WARN_UNDECLARED_SELECTOR = YES;
				GCC_WARN_UNINITIALIZED_AUTOS = YES_AGGRESSIVE;
				GCC_WARN_UNUSED_FUNCTION = YES;
				GCC_WARN_UNUSED_VARIABLE = YES;
				IPHONEOS_DEPLOYMENT_TARGET = 15.4;
				MTL_ENABLE_DEBUG_INFO = NO;
				MTL_FAST_MATH = YES;
				SDKROOT = iphoneos;
				SWIFT_COMPILATION_MODE = wholemodule;
				SWIFT_OPTIMIZATION_LEVEL = "-O";
				VALIDATE_PRODUCT = YES;
			};
			name = Release;
		};
		BF78248F2806D04300E8EEE6 /* Debug */ = {
			isa = XCBuildConfiguration;
			baseConfigurationReference = C0B5E257D03EC1473EF458B4 /* Pods-SignUpSample.debug.xcconfig */;
			buildSettings = {
				ASSETCATALOG_COMPILER_APPICON_NAME = AppIcon;
				ASSETCATALOG_COMPILER_GLOBAL_ACCENT_COLOR_NAME = AccentColor;
				CODE_SIGN_STYLE = Automatic;
				CURRENT_PROJECT_VERSION = 1;
				DEVELOPMENT_TEAM = G99VW8TP32;
				GENERATE_INFOPLIST_FILE = YES;
				INFOPLIST_FILE = SignUpSample/Info.plist;
				INFOPLIST_KEY_UIApplicationSupportsIndirectInputEvents = YES;
				INFOPLIST_KEY_UILaunchStoryboardName = LaunchScreen;
				INFOPLIST_KEY_UISupportedInterfaceOrientations_iPad = "UIInterfaceOrientationPortrait UIInterfaceOrientationPortraitUpsideDown UIInterfaceOrientationLandscapeLeft UIInterfaceOrientationLandscapeRight";
				INFOPLIST_KEY_UISupportedInterfaceOrientations_iPhone = "UIInterfaceOrientationPortrait UIInterfaceOrientationLandscapeLeft UIInterfaceOrientationLandscapeRight";
				LD_RUNPATH_SEARCH_PATHS = (
					"$(inherited)",
					"@executable_path/Frameworks",
				);
				MARKETING_VERSION = 1.0;
				PRODUCT_BUNDLE_IDENTIFIER = com.9oya.SignUpSample;
				PRODUCT_NAME = "$(TARGET_NAME)";
				SWIFT_EMIT_LOC_STRINGS = YES;
				SWIFT_VERSION = 5.0;
				TARGETED_DEVICE_FAMILY = "1,2";
			};
			name = Debug;
		};
		BF7824902806D04300E8EEE6 /* Release */ = {
			isa = XCBuildConfiguration;
			baseConfigurationReference = A35516EF82092ABDEAD9F2BB /* Pods-SignUpSample.release.xcconfig */;
			buildSettings = {
				ASSETCATALOG_COMPILER_APPICON_NAME = AppIcon;
				ASSETCATALOG_COMPILER_GLOBAL_ACCENT_COLOR_NAME = AccentColor;
				CODE_SIGN_STYLE = Automatic;
				CURRENT_PROJECT_VERSION = 1;
				DEVELOPMENT_TEAM = G99VW8TP32;
				GENERATE_INFOPLIST_FILE = YES;
				INFOPLIST_FILE = SignUpSample/Info.plist;
				INFOPLIST_KEY_UIApplicationSupportsIndirectInputEvents = YES;
				INFOPLIST_KEY_UILaunchStoryboardName = LaunchScreen;
				INFOPLIST_KEY_UISupportedInterfaceOrientations_iPad = "UIInterfaceOrientationPortrait UIInterfaceOrientationPortraitUpsideDown UIInterfaceOrientationLandscapeLeft UIInterfaceOrientationLandscapeRight";
				INFOPLIST_KEY_UISupportedInterfaceOrientations_iPhone = "UIInterfaceOrientationPortrait UIInterfaceOrientationLandscapeLeft UIInterfaceOrientationLandscapeRight";
				LD_RUNPATH_SEARCH_PATHS = (
					"$(inherited)",
					"@executable_path/Frameworks",
				);
				MARKETING_VERSION = 1.0;
				PRODUCT_BUNDLE_IDENTIFIER = com.9oya.SignUpSample;
				PRODUCT_NAME = "$(TARGET_NAME)";
				SWIFT_EMIT_LOC_STRINGS = YES;
				SWIFT_VERSION = 5.0;
				TARGETED_DEVICE_FAMILY = "1,2";
			};
			name = Release;
		};
/* End XCBuildConfiguration section */

/* Begin XCConfigurationList section */
		BF7824752806D04200E8EEE6 /* Build configuration list for PBXProject "SignUpSample" */ = {
			isa = XCConfigurationList;
			buildConfigurations = (
				BF78248C2806D04300E8EEE6 /* Debug */,
				BF78248D2806D04300E8EEE6 /* Release */,
			);
			defaultConfigurationIsVisible = 0;
			defaultConfigurationName = Release;
		};
		BF78248E2806D04300E8EEE6 /* Build configuration list for PBXNativeTarget "SignUpSample" */ = {
			isa = XCConfigurationList;
			buildConfigurations = (
				BF78248F2806D04300E8EEE6 /* Debug */,
				BF7824902806D04300E8EEE6 /* Release */,
			);
			defaultConfigurationIsVisible = 0;
			defaultConfigurationName = Release;
		};
/* End XCConfigurationList section */
	};
	rootObject = BF7824722806D04200E8EEE6 /* Project object */;
}
